
Microsoft Visual Studio Solution File, Format Version 12.00
# Visual Studio Version 16
VisualStudioVersion = 16.0.29123.88
MinimumVisualStudioVersion = 10.0.40219.1
Project("{FAE04EC0-301F-11D3-BF4B-00C04F79EFBC}") = "CSVUpdater", "CSVUpdater\CSVUpdater.csproj", "{0D8B1FA1-50DD-4772-B68E-88F643B5E8DE}"
EndProject
Global
	GlobalSection(SolutionConfigurationPlatforms) = preSolution
		Debug|Any CPU = Debug|Any CPU
		Release|Any CPU = Release|Any CPU
	EndGlobalSection
	GlobalSection(ProjectConfigurationPlatforms) = postSolution
		{0D8B1FA1-50DD-4772-B68E-88F643B5E8DE}.Debug|Any CPU.ActiveCfg = Debug|Any CPU
		{0D8B1FA1-50DD-4772-B68E-88F643B5E8DE}.Debug|Any CPU.Build.0 = Debug|Any CPU
		{0D8B1FA1-50DD-4772-B68E-88F643B5E8DE}.Release|Any CPU.ActiveCfg = Release|Any CPU
		{0D8B1FA1-50DD-4772-B68E-88F643B5E8DE}.Release|Any CPU.Build.0 = Release|Any CPU
	EndGlobalSection
	GlobalSection(SolutionProperties) = preSolution
		HideSolutionNode = FALSE
	EndGlobalSection
	GlobalSection(ExtensibilityGlobals) = postSolution
		SolutionGuid = {B1B98A58-980B-4953-8FC1-76179EEFD092}
	EndGlobalSection
EndGlobal
